
Microsoft Visual Studio Solution File, Format Version 12.00
# Visual Studio 14
VisualStudioVersion = 14.0.24720.0
MinimumVisualStudioVersion = 10.0.40219.1
Project("{FAE04EC0-301F-11D3-BF4B-00C04F79EFBC}") = "BackEnd_API", "BackEnd_API\BackEnd_API.csproj", "{9F06A747-3B0A-46F5-9266-2E65F5793517}"
EndProject
Global
	GlobalSection(SolutionConfigurationPlatforms) = preSolution
		Debug|Any CPU = Debug|Any CPU
		Release|Any CPU = Release|Any CPU
	EndGlobalSection
	GlobalSection(ProjectConfigurationPlatforms) = postSolution
		{9F06A747-3B0A-46F5-9266-2E65F5793517}.Debug|Any CPU.ActiveCfg = Debug|Any CPU
		{9F06A747-3B0A-46F5-9266-2E65F5793517}.Debug|Any CPU.Build.0 = Debug|Any CPU
		{9F06A747-3B0A-46F5-9266-2E65F5793517}.Release|Any CPU.ActiveCfg = Release|Any CPU
		{9F06A747-3B0A-46F5-9266-2E65F5793517}.Release|Any CPU.Build.0 = Release|Any CPU
	EndGlobalSection
	GlobalSection(SolutionProperties) = preSolution
		HideSolutionNode = FALSE
	EndGlobalSection
EndGlobal
